// !$*UTF8*$!
{
	archiveVersion = 1;
	classes = {
	};
	objectVersion = 50;
	objects = {

/* Begin PBXBuildFile section */
		E162DBF6264428D20080EC78 /* Student.swift in Sources */ = {isa = PBXBuildFile; fileRef = E170BD702642F72A00AA2A43 /* Student.swift */; };
		E162DBF7264428D60080EC78 /* MainInteractor.swift in Sources */ = {isa = PBXBuildFile; fileRef = E1D25F9B261EEB5100CE8FC8 /* MainInteractor.swift */; };
		E162DBF8264428D90080EC78 /* MainInteractorProtocol.swift in Sources */ = {isa = PBXBuildFile; fileRef = E1D26014261EF2B500CE8FC8 /* MainInteractorProtocol.swift */; };
		E162DBF9264428DD0080EC78 /* MainInteractorDelegate.swift in Sources */ = {isa = PBXBuildFile; fileRef = E1D260D4261F295A00CE8FC8 /* MainInteractorDelegate.swift */; };
		E162DBFA264428E00080EC78 /* MainInteractorFactory.swift in Sources */ = {isa = PBXBuildFile; fileRef = E1D2609B261EF78B00CE8FC8 /* MainInteractorFactory.swift */; };
		E162DBFB264428E30080EC78 /* MainRouterProtocol.swift in Sources */ = {isa = PBXBuildFile; fileRef = E1AF89CD261EE9C10030B37F /* MainRouterProtocol.swift */; };
		E162DBFD2644299F0080EC78 /* StudentNameEditor.swift in Sources */ = {isa = PBXBuildFile; fileRef = E1D25FA3261EEBD000CE8FC8 /* StudentNameEditor.swift */; };
		E162DC00264429A50080EC78 /* StudentNameEditorInteractorProtocol.swift in Sources */ = {isa = PBXBuildFile; fileRef = E1D26022261EF30800CE8FC8 /* StudentNameEditorInteractorProtocol.swift */; };
		E162DC01264429A50080EC78 /* StudentNameEditorServiceProtocol.swift in Sources */ = {isa = PBXBuildFile; fileRef = E175903D2641AE7F004C9AA0 /* StudentNameEditorServiceProtocol.swift */; };
		E162DC02264429A50080EC78 /* StudentNameEditorProtocol.swift in Sources */ = {isa = PBXBuildFile; fileRef = E170BD5B2642E3CA00AA2A43 /* StudentNameEditorProtocol.swift */; };
		E162DC03264429A90080EC78 /* StudentNameEditorInteracgtorDelegate.swift in Sources */ = {isa = PBXBuildFile; fileRef = E175903F2641AEC7004C9AA0 /* StudentNameEditorInteracgtorDelegate.swift */; };
		E162DC04264429A90080EC78 /* StudentNameEditorServiceDelegate.swift in Sources */ = {isa = PBXBuildFile; fileRef = E17590412641AED6004C9AA0 /* StudentNameEditorServiceDelegate.swift */; };
		E162DC05264429AB0080EC78 /* StudentNameEditorFactory.swift in Sources */ = {isa = PBXBuildFile; fileRef = E1D260BA261F0E2A00CE8FC8 /* StudentNameEditorFactory.swift */; };
		E162DC06264429AE0080EC78 /* StudentNameEditorRouterProtocol.swift in Sources */ = {isa = PBXBuildFile; fileRef = E1D25FA9261EECD000CE8FC8 /* StudentNameEditorRouterProtocol.swift */; };
		E162DC0826442DA10080EC78 /* StudentEditorPresenterProtocol.swift in Sources */ = {isa = PBXBuildFile; fileRef = E162DC0726442DA10080EC78 /* StudentEditorPresenterProtocol.swift */; };
		E162DC0A264456E50080EC78 /* StudentTableViewCell.swift in Sources */ = {isa = PBXBuildFile; fileRef = E162DC09264456E50080EC78 /* StudentTableViewCell.swift */; };
		E16718B42646E4E200AC8388 /* StudentAgeEditorViewControllerFactory.swift in Sources */ = {isa = PBXBuildFile; fileRef = E16718B32646E4E200AC8388 /* StudentAgeEditorViewControllerFactory.swift */; };
		E16718B72646EDA600AC8388 /* StudentAgeEditorNextOperation.swift in Sources */ = {isa = PBXBuildFile; fileRef = E16718B62646EDA600AC8388 /* StudentAgeEditorNextOperation.swift */; };
		E16718BA2646F8E100AC8388 /* StudentNameEditorNextOperation.swift in Sources */ = {isa = PBXBuildFile; fileRef = E16718B92646F8E100AC8388 /* StudentNameEditorNextOperation.swift */; };
		E170BD612642E7EF00AA2A43 /* StudentEditorPresenter.swift in Sources */ = {isa = PBXBuildFile; fileRef = E170BD602642E7EF00AA2A43 /* StudentEditorPresenter.swift */; };
		E170BD642642E88B00AA2A43 /* StudentEditorPresenterDelegate.swift in Sources */ = {isa = PBXBuildFile; fileRef = E170BD632642E88B00AA2A43 /* StudentEditorPresenterDelegate.swift */; };
		E170BD732642FC6500AA2A43 /* MainPresenter.swift in Sources */ = {isa = PBXBuildFile; fileRef = E170BD722642FC6500AA2A43 /* MainPresenter.swift */; };
		E170BD762642FC8600AA2A43 /* MainPresenterProtocol.swift in Sources */ = {isa = PBXBuildFile; fileRef = E170BD752642FC8600AA2A43 /* MainPresenterProtocol.swift */; };
		E170BD782642FC9600AA2A43 /* MainPresenterDelegate.swift in Sources */ = {isa = PBXBuildFile; fileRef = E170BD772642FC9600AA2A43 /* MainPresenterDelegate.swift */; };
		E170BD7A2642FDBF00AA2A43 /* StudentViewModel.swift in Sources */ = {isa = PBXBuildFile; fileRef = E170BD792642FDBF00AA2A43 /* StudentViewModel.swift */; };
		E1826CE02645660700A808AB /* StudentAgeEditor.swift in Sources */ = {isa = PBXBuildFile; fileRef = E1826CDF2645660700A808AB /* StudentAgeEditor.swift */; };
		E1826CE22645666000A808AB /* StudentAgeEditorInteractorProtocol.swift in Sources */ = {isa = PBXBuildFile; fileRef = E1826CE12645666000A808AB /* StudentAgeEditorInteractorProtocol.swift */; };
		E1826CE42645667B00A808AB /* StudentAgeEditorServiceProtocol.swift in Sources */ = {isa = PBXBuildFile; fileRef = E1826CE32645667B00A808AB /* StudentAgeEditorServiceProtocol.swift */; };
		E1826CE72645669900A808AB /* StudentAgeEditorInteractorDelegate.swift in Sources */ = {isa = PBXBuildFile; fileRef = E1826CE62645669900A808AB /* StudentAgeEditorInteractorDelegate.swift */; };
		E1826CE9264566AB00A808AB /* StudentAgeEditorServiceDelegate.swift in Sources */ = {isa = PBXBuildFile; fileRef = E1826CE8264566AB00A808AB /* StudentAgeEditorServiceDelegate.swift */; };
		E18B3A1C261E2AF30099AE65 /* AppRouter.swift in Sources */ = {isa = PBXBuildFile; fileRef = E18B3A1B261E2AF30099AE65 /* AppRouter.swift */; };
		E1AF89D4261EE9E70030B37F /* MainRouter.swift in Sources */ = {isa = PBXBuildFile; fileRef = E1AF89D3261EE9E70030B37F /* MainRouter.swift */; };
		E1B2A5A12645AC8400919788 /* StudentAgeEditorPresetnerProtocol.swift in Sources */ = {isa = PBXBuildFile; fileRef = E1B2A59E2645AC8400919788 /* StudentAgeEditorPresetnerProtocol.swift */; };
		E1B2A5A22645AC8400919788 /* StudentAgeEditorPresetnerDelegate.swift in Sources */ = {isa = PBXBuildFile; fileRef = E1B2A59F2645AC8400919788 /* StudentAgeEditorPresetnerDelegate.swift */; };
		E1B2A5A32645AC8400919788 /* StudentAgeEditorPresetner.swift in Sources */ = {isa = PBXBuildFile; fileRef = E1B2A5A02645AC8400919788 /* StudentAgeEditorPresetner.swift */; };
		E1C504B4261B56A700087D61 /* AppDelegate.swift in Sources */ = {isa = PBXBuildFile; fileRef = E1C504B3261B56A700087D61 /* AppDelegate.swift */; };
		E1C504B6261B56A700087D61 /* SceneDelegate.swift in Sources */ = {isa = PBXBuildFile; fileRef = E1C504B5261B56A700087D61 /* SceneDelegate.swift */; };
		E1C504B8261B56A700087D61 /* MainViewController.swift in Sources */ = {isa = PBXBuildFile; fileRef = E1C504B7261B56A700087D61 /* MainViewController.swift */; };
		E1C504BD261B56AB00087D61 /* Assets.xcassets in Resources */ = {isa = PBXBuildFile; fileRef = E1C504BC261B56AB00087D61 /* Assets.xcassets */; };
		E1C504C0261B56AB00087D61 /* LaunchScreen.storyboard in Resources */ = {isa = PBXBuildFile; fileRef = E1C504BE261B56AB00087D61 /* LaunchScreen.storyboard */; };
		E1D25FB2261EED5800CE8FC8 /* StudentRouter.swift in Sources */ = {isa = PBXBuildFile; fileRef = E1D25FB1261EED5800CE8FC8 /* StudentRouter.swift */; };
		E1D2608E261EF72200CE8FC8 /* MainViewControllerFactory.swift in Sources */ = {isa = PBXBuildFile; fileRef = E1D2608D261EF72200CE8FC8 /* MainViewControllerFactory.swift */; };
		E1D260B2261EFC9C00CE8FC8 /* StudentEditorViewController.swift in Sources */ = {isa = PBXBuildFile; fileRef = E1D260B0261EFC9C00CE8FC8 /* StudentEditorViewController.swift */; };
		E1D260B3261EFC9C00CE8FC8 /* StudentEditorViewController.xib in Resources */ = {isa = PBXBuildFile; fileRef = E1D260B1261EFC9C00CE8FC8 /* StudentEditorViewController.xib */; };
		E1D260C3261F0E9C00CE8FC8 /* StudentEditorViewControllerFactory.swift in Sources */ = {isa = PBXBuildFile; fileRef = E1D260C2261F0E9C00CE8FC8 /* StudentEditorViewControllerFactory.swift */; };
		E1D94F1126456A6B00ED63B2 /* StudentAgeEditorProtocol.swift in Sources */ = {isa = PBXBuildFile; fileRef = E1D94F1026456A6B00ED63B2 /* StudentAgeEditorProtocol.swift */; };
		E1D94F1A2645702E00ED63B2 /* StudentAgeEditorViewController.swift in Sources */ = {isa = PBXBuildFile; fileRef = E1D94F182645702E00ED63B2 /* StudentAgeEditorViewController.swift */; };
		E1D94F1B2645702E00ED63B2 /* StudentAgeEditorViewController.xib in Resources */ = {isa = PBXBuildFile; fileRef = E1D94F192645702E00ED63B2 /* StudentAgeEditorViewController.xib */; };
/* End PBXBuildFile section */

/* Begin PBXCopyFilesBuildPhase section */
		E1D25FD6261EF16C00CE8FC8 /* Embed Frameworks */ = {
			isa = PBXCopyFilesBuildPhase;
			buildActionMask = 2147483647;
			dstPath = "";
			dstSubfolderSpec = 10;
			files = (
			);
			name = "Embed Frameworks";
			runOnlyForDeploymentPostprocessing = 0;
		};
/* End PBXCopyFilesBuildPhase section */

/* Begin PBXFileReference section */
		E162DC0726442DA10080EC78 /* StudentEditorPresenterProtocol.swift */ = {isa = PBXFileReference; lastKnownFileType = sourcecode.swift; path = StudentEditorPresenterProtocol.swift; sourceTree = "<group>"; };
		E162DC09264456E50080EC78 /* StudentTableViewCell.swift */ = {isa = PBXFileReference; lastKnownFileType = sourcecode.swift; path = StudentTableViewCell.swift; sourceTree = "<group>"; };
		E16718B32646E4E200AC8388 /* StudentAgeEditorViewControllerFactory.swift */ = {isa = PBXFileReference; lastKnownFileType = sourcecode.swift; path = StudentAgeEditorViewControllerFactory.swift; sourceTree = "<group>"; };
		E16718B62646EDA600AC8388 /* StudentAgeEditorNextOperation.swift */ = {isa = PBXFileReference; lastKnownFileType = sourcecode.swift; path = StudentAgeEditorNextOperation.swift; sourceTree = "<group>"; };
		E16718B92646F8E100AC8388 /* StudentNameEditorNextOperation.swift */ = {isa = PBXFileReference; lastKnownFileType = sourcecode.swift; path = StudentNameEditorNextOperation.swift; sourceTree = "<group>"; };
		E170BD5B2642E3CA00AA2A43 /* StudentNameEditorProtocol.swift */ = {isa = PBXFileReference; lastKnownFileType = sourcecode.swift; path = StudentNameEditorProtocol.swift; sourceTree = "<group>"; };
		E170BD602642E7EF00AA2A43 /* StudentEditorPresenter.swift */ = {isa = PBXFileReference; lastKnownFileType = sourcecode.swift; path = StudentEditorPresenter.swift; sourceTree = "<group>"; };
		E170BD632642E88B00AA2A43 /* StudentEditorPresenterDelegate.swift */ = {isa = PBXFileReference; lastKnownFileType = sourcecode.swift; path = StudentEditorPresenterDelegate.swift; sourceTree = "<group>"; };
		E170BD702642F72A00AA2A43 /* Student.swift */ = {isa = PBXFileReference; lastKnownFileType = sourcecode.swift; path = Student.swift; sourceTree = "<group>"; };
		E170BD722642FC6500AA2A43 /* MainPresenter.swift */ = {isa = PBXFileReference; lastKnownFileType = sourcecode.swift; path = MainPresenter.swift; sourceTree = "<group>"; };
		E170BD752642FC8600AA2A43 /* MainPresenterProtocol.swift */ = {isa = PBXFileReference; lastKnownFileType = sourcecode.swift; path = MainPresenterProtocol.swift; sourceTree = "<group>"; };
		E170BD772642FC9600AA2A43 /* MainPresenterDelegate.swift */ = {isa = PBXFileReference; lastKnownFileType = sourcecode.swift; path = MainPresenterDelegate.swift; sourceTree = "<group>"; };
		E170BD792642FDBF00AA2A43 /* StudentViewModel.swift */ = {isa = PBXFileReference; lastKnownFileType = sourcecode.swift; path = StudentViewModel.swift; sourceTree = "<group>"; };
		E175903D2641AE7F004C9AA0 /* StudentNameEditorServiceProtocol.swift */ = {isa = PBXFileReference; lastKnownFileType = sourcecode.swift; path = StudentNameEditorServiceProtocol.swift; sourceTree = "<group>"; };
		E175903F2641AEC7004C9AA0 /* StudentNameEditorInteracgtorDelegate.swift */ = {isa = PBXFileReference; lastKnownFileType = sourcecode.swift; path = StudentNameEditorInteracgtorDelegate.swift; sourceTree = "<group>"; };
		E17590412641AED6004C9AA0 /* StudentNameEditorServiceDelegate.swift */ = {isa = PBXFileReference; lastKnownFileType = sourcecode.swift; path = StudentNameEditorServiceDelegate.swift; sourceTree = "<group>"; };
		E1826CDF2645660700A808AB /* StudentAgeEditor.swift */ = {isa = PBXFileReference; lastKnownFileType = sourcecode.swift; path = StudentAgeEditor.swift; sourceTree = "<group>"; };
		E1826CE12645666000A808AB /* StudentAgeEditorInteractorProtocol.swift */ = {isa = PBXFileReference; lastKnownFileType = sourcecode.swift; path = StudentAgeEditorInteractorProtocol.swift; sourceTree = "<group>"; };
		E1826CE32645667B00A808AB /* StudentAgeEditorServiceProtocol.swift */ = {isa = PBXFileReference; lastKnownFileType = sourcecode.swift; path = StudentAgeEditorServiceProtocol.swift; sourceTree = "<group>"; };
		E1826CE62645669900A808AB /* StudentAgeEditorInteractorDelegate.swift */ = {isa = PBXFileReference; lastKnownFileType = sourcecode.swift; path = StudentAgeEditorInteractorDelegate.swift; sourceTree = "<group>"; };
		E1826CE8264566AB00A808AB /* StudentAgeEditorServiceDelegate.swift */ = {isa = PBXFileReference; lastKnownFileType = sourcecode.swift; path = StudentAgeEditorServiceDelegate.swift; sourceTree = "<group>"; };
		E18B3A1B261E2AF30099AE65 /* AppRouter.swift */ = {isa = PBXFileReference; lastKnownFileType = sourcecode.swift; path = AppRouter.swift; sourceTree = "<group>"; };
		E1AF89CD261EE9C10030B37F /* MainRouterProtocol.swift */ = {isa = PBXFileReference; lastKnownFileType = sourcecode.swift; path = MainRouterProtocol.swift; sourceTree = "<group>"; };
		E1AF89D3261EE9E70030B37F /* MainRouter.swift */ = {isa = PBXFileReference; lastKnownFileType = sourcecode.swift; path = MainRouter.swift; sourceTree = "<group>"; };
		E1B2A59E2645AC8400919788 /* StudentAgeEditorPresetnerProtocol.swift */ = {isa = PBXFileReference; lastKnownFileType = sourcecode.swift; path = StudentAgeEditorPresetnerProtocol.swift; sourceTree = "<group>"; };
		E1B2A59F2645AC8400919788 /* StudentAgeEditorPresetnerDelegate.swift */ = {isa = PBXFileReference; lastKnownFileType = sourcecode.swift; path = StudentAgeEditorPresetnerDelegate.swift; sourceTree = "<group>"; };
		E1B2A5A02645AC8400919788 /* StudentAgeEditorPresetner.swift */ = {isa = PBXFileReference; lastKnownFileType = sourcecode.swift; path = StudentAgeEditorPresetner.swift; sourceTree = "<group>"; };
		E1C504B0261B56A700087D61 /* RouterPattern.app */ = {isa = PBXFileReference; explicitFileType = wrapper.application; includeInIndex = 0; path = RouterPattern.app; sourceTree = BUILT_PRODUCTS_DIR; };
		E1C504B3261B56A700087D61 /* AppDelegate.swift */ = {isa = PBXFileReference; lastKnownFileType = sourcecode.swift; path = AppDelegate.swift; sourceTree = "<group>"; };
		E1C504B5261B56A700087D61 /* SceneDelegate.swift */ = {isa = PBXFileReference; lastKnownFileType = sourcecode.swift; path = SceneDelegate.swift; sourceTree = "<group>"; };
		E1C504B7261B56A700087D61 /* MainViewController.swift */ = {isa = PBXFileReference; lastKnownFileType = sourcecode.swift; path = MainViewController.swift; sourceTree = "<group>"; };
		E1C504BC261B56AB00087D61 /* Assets.xcassets */ = {isa = PBXFileReference; lastKnownFileType = folder.assetcatalog; path = Assets.xcassets; sourceTree = "<group>"; };
		E1C504BF261B56AB00087D61 /* Base */ = {isa = PBXFileReference; lastKnownFileType = file.storyboard; name = Base; path = Base.lproj/LaunchScreen.storyboard; sourceTree = "<group>"; };
		E1C504C1261B56AB00087D61 /* Info.plist */ = {isa = PBXFileReference; lastKnownFileType = text.plist.xml; name = Info.plist; path = RouterPattern/AppSupport/Info.plist; sourceTree = SOURCE_ROOT; };
		E1D25F9B261EEB5100CE8FC8 /* MainInteractor.swift */ = {isa = PBXFileReference; lastKnownFileType = sourcecode.swift; path = MainInteractor.swift; sourceTree = "<group>"; };
		E1D25FA3261EEBD000CE8FC8 /* StudentNameEditor.swift */ = {isa = PBXFileReference; lastKnownFileType = sourcecode.swift; path = StudentNameEditor.swift; sourceTree = "<group>"; };
		E1D25FA9261EECD000CE8FC8 /* StudentNameEditorRouterProtocol.swift */ = {isa = PBXFileReference; lastKnownFileType = sourcecode.swift; path = StudentNameEditorRouterProtocol.swift; sourceTree = "<group>"; };
		E1D25FB1261EED5800CE8FC8 /* StudentRouter.swift */ = {isa = PBXFileReference; lastKnownFileType = sourcecode.swift; path = StudentRouter.swift; sourceTree = "<group>"; };
		E1D26014261EF2B500CE8FC8 /* MainInteractorProtocol.swift */ = {isa = PBXFileReference; lastKnownFileType = sourcecode.swift; path = MainInteractorProtocol.swift; sourceTree = "<group>"; };
		E1D26022261EF30800CE8FC8 /* StudentNameEditorInteractorProtocol.swift */ = {isa = PBXFileReference; lastKnownFileType = sourcecode.swift; path = StudentNameEditorInteractorProtocol.swift; sourceTree = "<group>"; };
		E1D2608D261EF72200CE8FC8 /* MainViewControllerFactory.swift */ = {isa = PBXFileReference; lastKnownFileType = sourcecode.swift; path = MainViewControllerFactory.swift; sourceTree = "<group>"; };
		E1D2609B261EF78B00CE8FC8 /* MainInteractorFactory.swift */ = {isa = PBXFileReference; lastKnownFileType = sourcecode.swift; path = MainInteractorFactory.swift; sourceTree = "<group>"; };
		E1D260B0261EFC9C00CE8FC8 /* StudentEditorViewController.swift */ = {isa = PBXFileReference; lastKnownFileType = sourcecode.swift; path = StudentEditorViewController.swift; sourceTree = "<group>"; };
		E1D260B1261EFC9C00CE8FC8 /* StudentEditorViewController.xib */ = {isa = PBXFileReference; lastKnownFileType = file.xib; path = StudentEditorViewController.xib; sourceTree = "<group>"; };
		E1D260BA261F0E2A00CE8FC8 /* StudentNameEditorFactory.swift */ = {isa = PBXFileReference; lastKnownFileType = sourcecode.swift; path = StudentNameEditorFactory.swift; sourceTree = "<group>"; };
		E1D260C2261F0E9C00CE8FC8 /* StudentEditorViewControllerFactory.swift */ = {isa = PBXFileReference; lastKnownFileType = sourcecode.swift; path = StudentEditorViewControllerFactory.swift; sourceTree = "<group>"; };
		E1D260D4261F295A00CE8FC8 /* MainInteractorDelegate.swift */ = {isa = PBXFileReference; lastKnownFileType = sourcecode.swift; path = MainInteractorDelegate.swift; sourceTree = "<group>"; };
		E1D94F1026456A6B00ED63B2 /* StudentAgeEditorProtocol.swift */ = {isa = PBXFileReference; lastKnownFileType = sourcecode.swift; path = StudentAgeEditorProtocol.swift; sourceTree = "<group>"; };
		E1D94F182645702E00ED63B2 /* StudentAgeEditorViewController.swift */ = {isa = PBXFileReference; lastKnownFileType = sourcecode.swift; path = StudentAgeEditorViewController.swift; sourceTree = "<group>"; };
		E1D94F192645702E00ED63B2 /* StudentAgeEditorViewController.xib */ = {isa = PBXFileReference; lastKnownFileType = file.xib; path = StudentAgeEditorViewController.xib; sourceTree = "<group>"; };
/* End PBXFileReference section */

/* Begin PBXFrameworksBuildPhase section */
		E1C504AD261B56A700087D61 /* Frameworks */ = {
			isa = PBXFrameworksBuildPhase;
			buildActionMask = 2147483647;
			files = (
			);
			runOnlyForDeploymentPostprocessing = 0;
		};
/* End PBXFrameworksBuildPhase section */

/* Begin PBXGroup section */
		E11E8822264563BA00B649EA /* StudentAgeEditor */ = {
			isa = PBXGroup;
			children = (
				E1826CDF2645660700A808AB /* StudentAgeEditor.swift */,
				E1826CE52645668100A808AB /* Input */,
				E1826CEA264566AF00A808AB /* Output */,
				E16718B52646EC9900AC8388 /* Models */,
			);
			path = StudentAgeEditor;
			sourceTree = "<group>";
		};
		E162DC0B264456EA0080EC78 /* TableViewCell */ = {
			isa = PBXGroup;
			children = (
				E162DC09264456E50080EC78 /* StudentTableViewCell.swift */,
			);
			path = TableViewCell;
			sourceTree = "<group>";
		};
		E16718B02646E4AF00AC8388 /* Factory */ = {
			isa = PBXGroup;
			children = (
				E16718B32646E4E200AC8388 /* StudentAgeEditorViewControllerFactory.swift */,
			);
			path = Factory;
			sourceTree = "<group>";
		};
		E16718B52646EC9900AC8388 /* Models */ = {
			isa = PBXGroup;
			children = (
				E16718B62646EDA600AC8388 /* StudentAgeEditorNextOperation.swift */,
			);
			path = Models;
			sourceTree = "<group>";
		};
		E16718B82646F8E100AC8388 /* Models */ = {
			isa = PBXGroup;
			children = (
				E16718B92646F8E100AC8388 /* StudentNameEditorNextOperation.swift */,
			);
			path = Models;
			sourceTree = "<group>";
		};
		E170BD5E2642E5A800AA2A43 /* Input */ = {
			isa = PBXGroup;
			children = (
				E170BD5B2642E3CA00AA2A43 /* StudentNameEditorProtocol.swift */,
				E1D26022261EF30800CE8FC8 /* StudentNameEditorInteractorProtocol.swift */,
				E175903D2641AE7F004C9AA0 /* StudentNameEditorServiceProtocol.swift */,
			);
			path = Input;
			sourceTree = "<group>";
		};
		E170BD5F2642E5AF00AA2A43 /* Output */ = {
			isa = PBXGroup;
			children = (
				E175903F2641AEC7004C9AA0 /* StudentNameEditorInteracgtorDelegate.swift */,
				E17590412641AED6004C9AA0 /* StudentNameEditorServiceDelegate.swift */,
			);
			path = Output;
			sourceTree = "<group>";
		};
		E170BD622642E7F400AA2A43 /* Presenter */ = {
			isa = PBXGroup;
			children = (
				E162DC0726442DA10080EC78 /* StudentEditorPresenterProtocol.swift */,
				E170BD602642E7EF00AA2A43 /* StudentEditorPresenter.swift */,
				E170BD632642E88B00AA2A43 /* StudentEditorPresenterDelegate.swift */,
			);
			path = Presenter;
			sourceTree = "<group>";
		};
		E170BD6C2642F3E800AA2A43 /* Input */ = {
			isa = PBXGroup;
			children = (
				E1D26014261EF2B500CE8FC8 /* MainInteractorProtocol.swift */,
			);
			path = Input;
			sourceTree = "<group>";
		};
		E170BD6D2642F40400AA2A43 /* Output */ = {
			isa = PBXGroup;
			children = (
				E1D260D4261F295A00CE8FC8 /* MainInteractorDelegate.swift */,
			);
			path = Output;
			sourceTree = "<group>";
		};
		E170BD6E2642F41400AA2A43 /* Interactor */ = {
			isa = PBXGroup;
			children = (
				E1D25F9B261EEB5100CE8FC8 /* MainInteractor.swift */,
			);
			path = Interactor;
			sourceTree = "<group>";
		};
		E170BD6F2642F72A00AA2A43 /* Entities */ = {
			isa = PBXGroup;
			children = (
				E170BD702642F72A00AA2A43 /* Student.swift */,
			);
			path = Entities;
			sourceTree = "<group>";
		};
		E170BD742642FC6A00AA2A43 /* Presenter */ = {
			isa = PBXGroup;
			children = (
				E170BD752642FC8600AA2A43 /* MainPresenterProtocol.swift */,
				E170BD722642FC6500AA2A43 /* MainPresenter.swift */,
				E170BD772642FC9600AA2A43 /* MainPresenterDelegate.swift */,
				E170BD792642FDBF00AA2A43 /* StudentViewModel.swift */,
			);
			path = Presenter;
			sourceTree = "<group>";
		};
		E1826CE52645668100A808AB /* Input */ = {
			isa = PBXGroup;
			children = (
				E1D94F1026456A6B00ED63B2 /* StudentAgeEditorProtocol.swift */,
				E1826CE12645666000A808AB /* StudentAgeEditorInteractorProtocol.swift */,
				E1826CE32645667B00A808AB /* StudentAgeEditorServiceProtocol.swift */,
			);
			path = Input;
			sourceTree = "<group>";
		};
		E1826CEA264566AF00A808AB /* Output */ = {
			isa = PBXGroup;
			children = (
				E1826CE62645669900A808AB /* StudentAgeEditorInteractorDelegate.swift */,
				E1826CE8264566AB00A808AB /* StudentAgeEditorServiceDelegate.swift */,
			);
			path = Output;
			sourceTree = "<group>";
		};
		E1AF89C2261EE9720030B37F /* UseCases */ = {
			isa = PBXGroup;
			children = (
				E1AF89C3261EE9840030B37F /* Main */,
				E1AF89C4261EE98B0030B37F /* StudentNameEditor */,
				E11E8822264563BA00B649EA /* StudentAgeEditor */,
			);
			path = UseCases;
			sourceTree = "<group>";
		};
		E1AF89C3261EE9840030B37F /* Main */ = {
			isa = PBXGroup;
			children = (
				E1D260F6261F4ADF00CE8FC8 /* Factory */,
				E170BD6E2642F41400AA2A43 /* Interactor */,
				E170BD6C2642F3E800AA2A43 /* Input */,
				E170BD6D2642F40400AA2A43 /* Output */,
				E1AF89D2261EE9D30030B37F /* MainRouter */,
			);
			path = Main;
			sourceTree = "<group>";
		};
		E1AF89C4261EE98B0030B37F /* StudentNameEditor */ = {
			isa = PBXGroup;
			children = (
				E1D25FA3261EEBD000CE8FC8 /* StudentNameEditor.swift */,
				E1D260FD261F4AEC00CE8FC8 /* Factory */,
				E170BD5E2642E5A800AA2A43 /* Input */,
				E170BD5F2642E5AF00AA2A43 /* Output */,
				E1D25FA8261EEC0100CE8FC8 /* Router */,
				E16718B82646F8E100AC8388 /* Models */,
			);
			path = StudentNameEditor;
			sourceTree = "<group>";
		};
		E1AF89D2261EE9D30030B37F /* MainRouter */ = {
			isa = PBXGroup;
			children = (
				E1AF89CD261EE9C10030B37F /* MainRouterProtocol.swift */,
			);
			path = MainRouter;
			sourceTree = "<group>";
		};
		E1C504A7261B56A700087D61 = {
			isa = PBXGroup;
			children = (
				E1C504B2261B56A700087D61 /* RouterPattern */,
				E1C504B1261B56A700087D61 /* Products */,
			);
			sourceTree = "<group>";
		};
		E1C504B1261B56A700087D61 /* Products */ = {
			isa = PBXGroup;
			children = (
				E1C504B0261B56A700087D61 /* RouterPattern.app */,
			);
			name = Products;
			sourceTree = "<group>";
		};
		E1C504B2261B56A700087D61 /* RouterPattern */ = {
			isa = PBXGroup;
			children = (
				E1D26077261EF5B200CE8FC8 /* AppSupport */,
				E170BD6F2642F72A00AA2A43 /* Entities */,
				E1AF89C2261EE9720030B37F /* UseCases */,
				E1D2607E261EF65500CE8FC8 /* Scence */,
			);
			path = RouterPattern;
			sourceTree = "<group>";
		};
		E1D25FA8261EEC0100CE8FC8 /* Router */ = {
			isa = PBXGroup;
			children = (
				E1D25FA9261EECD000CE8FC8 /* StudentNameEditorRouterProtocol.swift */,
			);
			path = Router;
			sourceTree = "<group>";
		};
		E1D26077261EF5B200CE8FC8 /* AppSupport */ = {
			isa = PBXGroup;
			children = (
				E1C504C1261B56AB00087D61 /* Info.plist */,
				E1C504B3261B56A700087D61 /* AppDelegate.swift */,
				E1C504B5261B56A700087D61 /* SceneDelegate.swift */,
				E1C504BC261B56AB00087D61 /* Assets.xcassets */,
				E1C504BE261B56AB00087D61 /* LaunchScreen.storyboard */,
				E18B3A1B261E2AF30099AE65 /* AppRouter.swift */,
			);
			path = AppSupport;
			sourceTree = "<group>";
		};
		E1D2607E261EF65500CE8FC8 /* Scence */ = {
			isa = PBXGroup;
			children = (
				E1D2607F261EF67200CE8FC8 /* Main */,
				E1D26086261EF67800CE8FC8 /* StudentEditor */,
				E1D94F1726456FF600ED63B2 /* StudentAgeEditor */,
			);
			path = Scence;
			sourceTree = "<group>";
		};
		E1D2607F261EF67200CE8FC8 /* Main */ = {
			isa = PBXGroup;
			children = (
				E1D26115261F650100CE8FC8 /* ViewController */,
				E162DC0B264456EA0080EC78 /* TableViewCell */,
				E1D260FE261F4CB900CE8FC8 /* Router */,
				E1D260FF261F4CC200CE8FC8 /* Factory */,
				E170BD742642FC6A00AA2A43 /* Presenter */,
			);
			path = Main;
			sourceTree = "<group>";
		};
		E1D26086261EF67800CE8FC8 /* StudentEditor */ = {
			isa = PBXGroup;
			children = (
				E1D2610E261F4CD600CE8FC8 /* Factory */,
				E1D2611C261F650900CE8FC8 /* ViewController */,
				E170BD622642E7F400AA2A43 /* Presenter */,
				E1D26107261F4CD100CE8FC8 /* Router */,
			);
			path = StudentEditor;
			sourceTree = "<group>";
		};
		E1D260F6261F4ADF00CE8FC8 /* Factory */ = {
			isa = PBXGroup;
			children = (
				E1D2609B261EF78B00CE8FC8 /* MainInteractorFactory.swift */,
			);
			path = Factory;
			sourceTree = "<group>";
		};
		E1D260FD261F4AEC00CE8FC8 /* Factory */ = {
			isa = PBXGroup;
			children = (
				E1D260BA261F0E2A00CE8FC8 /* StudentNameEditorFactory.swift */,
			);
			path = Factory;
			sourceTree = "<group>";
		};
		E1D260FE261F4CB900CE8FC8 /* Router */ = {
			isa = PBXGroup;
			children = (
				E1AF89D3261EE9E70030B37F /* MainRouter.swift */,
			);
			path = Router;
			sourceTree = "<group>";
		};
		E1D260FF261F4CC200CE8FC8 /* Factory */ = {
			isa = PBXGroup;
			children = (
				E1D2608D261EF72200CE8FC8 /* MainViewControllerFactory.swift */,
			);
			path = Factory;
			sourceTree = "<group>";
		};
		E1D26107261F4CD100CE8FC8 /* Router */ = {
			isa = PBXGroup;
			children = (
				E1D25FB1261EED5800CE8FC8 /* StudentRouter.swift */,
			);
			path = Router;
			sourceTree = "<group>";
		};
		E1D2610E261F4CD600CE8FC8 /* Factory */ = {
			isa = PBXGroup;
			children = (
				E1D260C2261F0E9C00CE8FC8 /* StudentEditorViewControllerFactory.swift */,
			);
			path = Factory;
			sourceTree = "<group>";
		};
		E1D26115261F650100CE8FC8 /* ViewController */ = {
			isa = PBXGroup;
			children = (
				E1C504B7261B56A700087D61 /* MainViewController.swift */,
			);
			path = ViewController;
			sourceTree = "<group>";
		};
		E1D2611C261F650900CE8FC8 /* ViewController */ = {
			isa = PBXGroup;
			children = (
				E1D260B0261EFC9C00CE8FC8 /* StudentEditorViewController.swift */,
				E1D260B1261EFC9C00CE8FC8 /* StudentEditorViewController.xib */,
			);
			path = ViewController;
			sourceTree = "<group>";
		};
		E1D94F1726456FF600ED63B2 /* StudentAgeEditor */ = {
			isa = PBXGroup;
			children = (
				E16718B02646E4AF00AC8388 /* Factory */,
				E1D94F1C2645703900ED63B2 /* VeiwController */,
				E1D94F1F2645726800ED63B2 /* Presenter */,
			);
			path = StudentAgeEditor;
			sourceTree = "<group>";
		};
		E1D94F1C2645703900ED63B2 /* VeiwController */ = {
			isa = PBXGroup;
			children = (
				E1D94F182645702E00ED63B2 /* StudentAgeEditorViewController.swift */,
				E1D94F192645702E00ED63B2 /* StudentAgeEditorViewController.xib */,
			);
			path = VeiwController;
			sourceTree = "<group>";
		};
		E1D94F1F2645726800ED63B2 /* Presenter */ = {
			isa = PBXGroup;
			children = (
				E1B2A59E2645AC8400919788 /* StudentAgeEditorPresetnerProtocol.swift */,
				E1B2A5A02645AC8400919788 /* StudentAgeEditorPresetner.swift */,
				E1B2A59F2645AC8400919788 /* StudentAgeEditorPresetnerDelegate.swift */,
			);
			path = Presenter;
			sourceTree = "<group>";
		};
/* End PBXGroup section */

/* Begin PBXNativeTarget section */
		E1C504AF261B56A700087D61 /* RouterPattern */ = {
			isa = PBXNativeTarget;
			buildConfigurationList = E1C504DA261B56AB00087D61 /* Build configuration list for PBXNativeTarget "RouterPattern" */;
			buildPhases = (
				E1C504AC261B56A700087D61 /* Sources */,
				E1C504AD261B56A700087D61 /* Frameworks */,
				E1C504AE261B56A700087D61 /* Resources */,
				E1D25FD6261EF16C00CE8FC8 /* Embed Frameworks */,
			);
			buildRules = (
			);
			dependencies = (
			);
			name = RouterPattern;
			productName = CoordinatorPattern;
			productReference = E1C504B0261B56A700087D61 /* RouterPattern.app */;
			productType = "com.apple.product-type.application";
		};
/* End PBXNativeTarget section */

/* Begin PBXProject section */
		E1C504A8261B56A700087D61 /* Project object */ = {
			isa = PBXProject;
			attributes = {
				LastSwiftUpdateCheck = 1240;
				LastUpgradeCheck = 1240;
				TargetAttributes = {
					E1C504AF261B56A700087D61 = {
						CreatedOnToolsVersion = 12.4;
					};
				};
			};
			buildConfigurationList = E1C504AB261B56A700087D61 /* Build configuration list for PBXProject "RouterPattern" */;
			compatibilityVersion = "Xcode 9.3";
			developmentRegion = en;
			hasScannedForEncodings = 0;
			knownRegions = (
				en,
				Base,
			);
			mainGroup = E1C504A7261B56A700087D61;
			productRefGroup = E1C504B1261B56A700087D61 /* Products */;
			projectDirPath = "";
			projectRoot = "";
			targets = (
				E1C504AF261B56A700087D61 /* RouterPattern */,
			);
		};
/* End PBXProject section */

/* Begin PBXResourcesBuildPhase section */
		E1C504AE261B56A700087D61 /* Resources */ = {
			isa = PBXResourcesBuildPhase;
			buildActionMask = 2147483647;
			files = (
				E1C504C0261B56AB00087D61 /* LaunchScreen.storyboard in Resources */,
				E1D94F1B2645702E00ED63B2 /* StudentAgeEditorViewController.xib in Resources */,
				E1D260B3261EFC9C00CE8FC8 /* StudentEditorViewController.xib in Resources */,
				E1C504BD261B56AB00087D61 /* Assets.xcassets in Resources */,
			);
			runOnlyForDeploymentPostprocessing = 0;
		};
/* End PBXResourcesBuildPhase section */

/* Begin PBXSourcesBuildPhase section */
		E1C504AC261B56A700087D61 /* Sources */ = {
			isa = PBXSourcesBuildPhase;
			buildActionMask = 2147483647;
			files = (
				E1826CE42645667B00A808AB /* StudentAgeEditorServiceProtocol.swift in Sources */,
				E1826CE72645669900A808AB /* StudentAgeEditorInteractorDelegate.swift in Sources */,
				E1C504B8261B56A700087D61 /* MainViewController.swift in Sources */,
				E162DC0A264456E50080EC78 /* StudentTableViewCell.swift in Sources */,
				E162DC03264429A90080EC78 /* StudentNameEditorInteracgtorDelegate.swift in Sources */,
				E1D94F1A2645702E00ED63B2 /* StudentAgeEditorViewController.swift in Sources */,
				E1826CE22645666000A808AB /* StudentAgeEditorInteractorProtocol.swift in Sources */,
				E1D25FB2261EED5800CE8FC8 /* StudentRouter.swift in Sources */,
				E162DBFA264428E00080EC78 /* MainInteractorFactory.swift in Sources */,
				E170BD612642E7EF00AA2A43 /* StudentEditorPresenter.swift in Sources */,
				E162DBFD2644299F0080EC78 /* StudentNameEditor.swift in Sources */,
				E170BD642642E88B00AA2A43 /* StudentEditorPresenterDelegate.swift in Sources */,
				E162DC01264429A50080EC78 /* StudentNameEditorServiceProtocol.swift in Sources */,
				E1AF89D4261EE9E70030B37F /* MainRouter.swift in Sources */,
				E170BD782642FC9600AA2A43 /* MainPresenterDelegate.swift in Sources */,
				E1D260C3261F0E9C00CE8FC8 /* StudentEditorViewControllerFactory.swift in Sources */,
				E1826CE02645660700A808AB /* StudentAgeEditor.swift in Sources */,
				E18B3A1C261E2AF30099AE65 /* AppRouter.swift in Sources */,
				E1D94F1126456A6B00ED63B2 /* StudentAgeEditorProtocol.swift in Sources */,
				E162DBF9264428DD0080EC78 /* MainInteractorDelegate.swift in Sources */,
				E162DC02264429A50080EC78 /* StudentNameEditorProtocol.swift in Sources */,
				E1826CE9264566AB00A808AB /* StudentAgeEditorServiceDelegate.swift in Sources */,
				E16718B42646E4E200AC8388 /* StudentAgeEditorViewControllerFactory.swift in Sources */,
				E170BD732642FC6500AA2A43 /* MainPresenter.swift in Sources */,
				E162DBFB264428E30080EC78 /* MainRouterProtocol.swift in Sources */,
				E1C504B4261B56A700087D61 /* AppDelegate.swift in Sources */,
				E162DC04264429A90080EC78 /* StudentNameEditorServiceDelegate.swift in Sources */,
				E16718B72646EDA600AC8388 /* StudentAgeEditorNextOperation.swift in Sources */,
				E162DC06264429AE0080EC78 /* StudentNameEditorRouterProtocol.swift in Sources */,
				E16718BA2646F8E100AC8388 /* StudentNameEditorNextOperation.swift in Sources */,
				E1C504B6261B56A700087D61 /* SceneDelegate.swift in Sources */,
				E162DC05264429AB0080EC78 /* StudentNameEditorFactory.swift in Sources */,
				E170BD762642FC8600AA2A43 /* MainPresenterProtocol.swift in Sources */,
				E1B2A5A12645AC8400919788 /* StudentAgeEditorPresetnerProtocol.swift in Sources */,
				E162DC00264429A50080EC78 /* StudentNameEditorInteractorProtocol.swift in Sources */,
				E1B2A5A32645AC8400919788 /* StudentAgeEditorPresetner.swift in Sources */,
				E1B2A5A22645AC8400919788 /* StudentAgeEditorPresetnerDelegate.swift in Sources */,
				E162DBF8264428D90080EC78 /* MainInteractorProtocol.swift in Sources */,
				E170BD7A2642FDBF00AA2A43 /* StudentViewModel.swift in Sources */,
				E1D2608E261EF72200CE8FC8 /* MainViewControllerFactory.swift in Sources */,
				E1D260B2261EFC9C00CE8FC8 /* StudentEditorViewController.swift in Sources */,
				E162DBF7264428D60080EC78 /* MainInteractor.swift in Sources */,
				E162DC0826442DA10080EC78 /* StudentEditorPresenterProtocol.swift in Sources */,
				E162DBF6264428D20080EC78 /* Student.swift in Sources */,
			);
			runOnlyForDeploymentPostprocessing = 0;
		};
/* End PBXSourcesBuildPhase section */

/* Begin PBXVariantGroup section */
		E1C504BE261B56AB00087D61 /* LaunchScreen.storyboard */ = {
			isa = PBXVariantGroup;
			children = (
				E1C504BF261B56AB00087D61 /* Base */,
			);
			name = LaunchScreen.storyboard;
			sourceTree = "<group>";
		};
/* End PBXVariantGroup section */

/* Begin XCBuildConfiguration section */
		E1C504D8261B56AB00087D61 /* Debug */ = {
			isa = XCBuildConfiguration;
			buildSettings = {
				ALWAYS_SEARCH_USER_PATHS = NO;
				CLANG_ANALYZER_NONNULL = YES;
				CLANG_ANALYZER_NUMBER_OBJECT_CONVERSION = YES_AGGRESSIVE;
				CLANG_CXX_LANGUAGE_STANDARD = "gnu++14";
				CLANG_CXX_LIBRARY = "libc++";
				CLANG_ENABLE_MODULES = YES;
				CLANG_ENABLE_OBJC_ARC = YES;
				CLANG_ENABLE_OBJC_WEAK = YES;
				CLANG_WARN_BLOCK_CAPTURE_AUTORELEASING = YES;
				CLANG_WARN_BOOL_CONVERSION = YES;
				CLANG_WARN_COMMA = YES;
				CLANG_WARN_CONSTANT_CONVERSION = YES;
				CLANG_WARN_DEPRECATED_OBJC_IMPLEMENTATIONS = YES;
				CLANG_WARN_DIRECT_OBJC_ISA_USAGE = YES_ERROR;
				CLANG_WARN_DOCUMENTATION_COMMENTS = YES;
				CLANG_WARN_EMPTY_BODY = YES;
				CLANG_WARN_ENUM_CONVERSION = YES;
				CLANG_WARN_INFINITE_RECURSION = YES;
				CLANG_WARN_INT_CONVERSION = YES;
				CLANG_WARN_NON_LITERAL_NULL_CONVERSION = YES;
				CLANG_WARN_OBJC_IMPLICIT_RETAIN_SELF = YES;
				CLANG_WARN_OBJC_LITERAL_CONVERSION = YES;
				CLANG_WARN_OBJC_ROOT_CLASS = YES_ERROR;
				CLANG_WARN_QUOTED_INCLUDE_IN_FRAMEWORK_HEADER = YES;
				CLANG_WARN_RANGE_LOOP_ANALYSIS = YES;
				CLANG_WARN_STRICT_PROTOTYPES = YES;
				CLANG_WARN_SUSPICIOUS_MOVE = YES;
				CLANG_WARN_UNGUARDED_AVAILABILITY = YES_AGGRESSIVE;
				CLANG_WARN_UNREACHABLE_CODE = YES;
				CLANG_WARN__DUPLICATE_METHOD_MATCH = YES;
				COPY_PHASE_STRIP = NO;
				DEBUG_INFORMATION_FORMAT = dwarf;
				ENABLE_STRICT_OBJC_MSGSEND = YES;
				ENABLE_TESTABILITY = YES;
				GCC_C_LANGUAGE_STANDARD = gnu11;
				GCC_DYNAMIC_NO_PIC = NO;
				GCC_NO_COMMON_BLOCKS = YES;
				GCC_OPTIMIZATION_LEVEL = 0;
				GCC_PREPROCESSOR_DEFINITIONS = (
					"DEBUG=1",
					"$(inherited)",
				);
				GCC_WARN_64_TO_32_BIT_CONVERSION = YES;
				GCC_WARN_ABOUT_RETURN_TYPE = YES_ERROR;
				GCC_WARN_UNDECLARED_SELECTOR = YES;
				GCC_WARN_UNINITIALIZED_AUTOS = YES_AGGRESSIVE;
				GCC_WARN_UNUSED_FUNCTION = YES;
				GCC_WARN_UNUSED_VARIABLE = YES;
				IPHONEOS_DEPLOYMENT_TARGET = 14.4;
				MTL_ENABLE_DEBUG_INFO = INCLUDE_SOURCE;
				MTL_FAST_MATH = YES;
				ONLY_ACTIVE_ARCH = YES;
				SDKROOT = iphoneos;
				SWIFT_ACTIVE_COMPILATION_CONDITIONS = DEBUG;
				SWIFT_OPTIMIZATION_LEVEL = "-Onone";
			};
			name = Debug;
		};
		E1C504D9261B56AB00087D61 /* Release */ = {
			isa = XCBuildConfiguration;
			buildSettings = {
				ALWAYS_SEARCH_USER_PATHS = NO;
				CLANG_ANALYZER_NONNULL = YES;
				CLANG_ANALYZER_NUMBER_OBJECT_CONVERSION = YES_AGGRESSIVE;
				CLANG_CXX_LANGUAGE_STANDARD = "gnu++14";
				CLANG_CXX_LIBRARY = "libc++";
				CLANG_ENABLE_MODULES = YES;
				CLANG_ENABLE_OBJC_ARC = YES;
				CLANG_ENABLE_OBJC_WEAK = YES;
				CLANG_WARN_BLOCK_CAPTURE_AUTORELEASING = YES;
				CLANG_WARN_BOOL_CONVERSION = YES;
				CLANG_WARN_COMMA = YES;
				CLANG_WARN_CONSTANT_CONVERSION = YES;
				CLANG_WARN_DEPRECATED_OBJC_IMPLEMENTATIONS = YES;
				CLANG_WARN_DIRECT_OBJC_ISA_USAGE = YES_ERROR;
				CLANG_WARN_DOCUMENTATION_COMMENTS = YES;
				CLANG_WARN_EMPTY_BODY = YES;
				CLANG_WARN_ENUM_CONVERSION = YES;
				CLANG_WARN_INFINITE_RECURSION = YES;
				CLANG_WARN_INT_CONVERSION = YES;
				CLANG_WARN_NON_LITERAL_NULL_CONVERSION = YES;
				CLANG_WARN_OBJC_IMPLICIT_RETAIN_SELF = YES;
				CLANG_WARN_OBJC_LITERAL_CONVERSION = YES;
				CLANG_WARN_OBJC_ROOT_CLASS = YES_ERROR;
				CLANG_WARN_QUOTED_INCLUDE_IN_FRAMEWORK_HEADER = YES;
				CLANG_WARN_RANGE_LOOP_ANALYSIS = YES;
				CLANG_WARN_STRICT_PROTOTYPES = YES;
				CLANG_WARN_SUSPICIOUS_MOVE = YES;
				CLANG_WARN_UNGUARDED_AVAILABILITY = YES_AGGRESSIVE;
				CLANG_WARN_UNREACHABLE_CODE = YES;
				CLANG_WARN__DUPLICATE_METHOD_MATCH = YES;
				COPY_PHASE_STRIP = NO;
				DEBUG_INFORMATION_FORMAT = "dwarf-with-dsym";
				ENABLE_NS_ASSERTIONS = NO;
				ENABLE_STRICT_OBJC_MSGSEND = YES;
				GCC_C_LANGUAGE_STANDARD = gnu11;
				GCC_NO_COMMON_BLOCKS = YES;
				GCC_WARN_64_TO_32_BIT_CONVERSION = YES;
				GCC_WARN_ABOUT_RETURN_TYPE = YES_ERROR;
				GCC_WARN_UNDECLARED_SELECTOR = YES;
				GCC_WARN_UNINITIALIZED_AUTOS = YES_AGGRESSIVE;
				GCC_WARN_UNUSED_FUNCTION = YES;
				GCC_WARN_UNUSED_VARIABLE = YES;
				IPHONEOS_DEPLOYMENT_TARGET = 14.4;
				MTL_ENABLE_DEBUG_INFO = NO;
				MTL_FAST_MATH = YES;
				SDKROOT = iphoneos;
				SWIFT_COMPILATION_MODE = wholemodule;
				SWIFT_OPTIMIZATION_LEVEL = "-O";
				VALIDATE_PRODUCT = YES;
			};
			name = Release;
		};
		E1C504DB261B56AB00087D61 /* Debug */ = {
			isa = XCBuildConfiguration;
			buildSettings = {
				ALWAYS_EMBED_SWIFT_STANDARD_LIBRARIES = YES;
				ASSETCATALOG_COMPILER_APPICON_NAME = AppIcon;
				ASSETCATALOG_COMPILER_GLOBAL_ACCENT_COLOR_NAME = AccentColor;
				CODE_SIGN_STYLE = Automatic;
				DEVELOPMENT_TEAM = S7T2CRG623;
				INFOPLIST_FILE = RouterPattern/AppSupport/Info.plist;
				LD_RUNPATH_SEARCH_PATHS = (
					"$(inherited)",
					"@executable_path/Frameworks",
				);
				PRODUCT_BUNDLE_IDENTIFIER = com.amirrezaeghtedari.coordinatorPattern.CoordinatorPattern;
				PRODUCT_NAME = "$(TARGET_NAME)";
				SWIFT_VERSION = 5.0;
				TARGETED_DEVICE_FAMILY = "1,2";
			};
			name = Debug;
		};
		E1C504DC261B56AB00087D61 /* Release */ = {
			isa = XCBuildConfiguration;
			buildSettings = {
				ALWAYS_EMBED_SWIFT_STANDARD_LIBRARIES = YES;
				ASSETCATALOG_COMPILER_APPICON_NAME = AppIcon;
				ASSETCATALOG_COMPILER_GLOBAL_ACCENT_COLOR_NAME = AccentColor;
				CODE_SIGN_STYLE = Automatic;
				DEVELOPMENT_TEAM = S7T2CRG623;
				INFOPLIST_FILE = RouterPattern/AppSupport/Info.plist;
				LD_RUNPATH_SEARCH_PATHS = (
					"$(inherited)",
					"@executable_path/Frameworks",
				);
				PRODUCT_BUNDLE_IDENTIFIER = com.amirrezaeghtedari.coordinatorPattern.CoordinatorPattern;
				PRODUCT_NAME = "$(TARGET_NAME)";
				SWIFT_VERSION = 5.0;
				TARGETED_DEVICE_FAMILY = "1,2";
			};
			name = Release;
		};
/* End XCBuildConfiguration section */

/* Begin XCConfigurationList section */
		E1C504AB261B56A700087D61 /* Build configuration list for PBXProject "RouterPattern" */ = {
			isa = XCConfigurationList;
			buildConfigurations = (
				E1C504D8261B56AB00087D61 /* Debug */,
				E1C504D9261B56AB00087D61 /* Release */,
			);
			defaultConfigurationIsVisible = 0;
			defaultConfigurationName = Release;
		};
		E1C504DA261B56AB00087D61 /* Build configuration list for PBXNativeTarget "RouterPattern" */ = {
			isa = XCConfigurationList;
			buildConfigurations = (
				E1C504DB261B56AB00087D61 /* Debug */,
				E1C504DC261B56AB00087D61 /* Release */,
			);
			defaultConfigurationIsVisible = 0;
			defaultConfigurationName = Release;
		};
/* End XCConfigurationList section */
	};
	rootObject = E1C504A8261B56A700087D61 /* Project object */;
}
